
Microsoft Visual Studio Solution File, Format Version 12.00
# Visual Studio Version 17
VisualStudioVersion = 17.8.34525.116
MinimumVisualStudioVersion = 10.0.40219.1
Project("{FAE04EC0-301F-11D3-BF4B-00C04F79EFBC}") = "API", "API\API.csproj", "{F6B541F3-4E59-4C55-8C22-904500160226}"
EndProject
Project("{2150E333-8FDC-42A3-9474-1A3956D46DE8}") = "1-Presentation", "1-Presentation", "{2737885C-2583-48B8-80BD-6AE38900D961}"
EndProject
Project("{2150E333-8FDC-42A3-9474-1A3956D46DE8}") = "2-Domain", "2-Domain", "{3BBD346D-B10C-49F4-9337-2EEC552197E9}"
EndProject
Project("{2150E333-8FDC-42A3-9474-1A3956D46DE8}") = "3-Service", "3-Service", "{63C475E6-C8F7-4397-BB45-3394FFDA4441}"
EndProject
Project("{2150E333-8FDC-42A3-9474-1A3956D46DE8}") = "4-Repository", "4-Repository", "{4EC3EDDF-527C-43CF-AA6F-8A24ACA5C64E}"
EndProject
Project("{2150E333-8FDC-42A3-9474-1A3956D46DE8}") = "5-CrossCutting", "5-CrossCutting", "{EED3C19A-9B51-4992-90C6-18081844DAD5}"
EndProject
Project("{FAE04EC0-301F-11D3-BF4B-00C04F79EFBC}") = "Domain", "Domain\Domain.csproj", "{C8EB330A-3AF3-493E-98AF-84DEC2E98B9A}"
EndProject
Project("{FAE04EC0-301F-11D3-BF4B-00C04F79EFBC}") = "Service", "Service\Service.csproj", "{A2D81FBA-9691-4FB7-977F-1A6E33D46DD9}"
EndProject
Project("{FAE04EC0-301F-11D3-BF4B-00C04F79EFBC}") = "Repository", "Repository\Repository.csproj", "{A5ACB57E-070C-4B53-BC9B-754E3BCBF38A}"
EndProject
Project("{FAE04EC0-301F-11D3-BF4B-00C04F79EFBC}") = "CrossCutting", "CrossCutting\CrossCutting.csproj", "{CA1117E1-1385-4847-AF9C-ECB67F99292D}"
EndProject
Project("{2150E333-8FDC-42A3-9474-1A3956D46DE8}") = "6-Tests", "6-Tests", "{9C6B87E4-D6CD-4281-8611-51BFB4722A31}"
EndProject
Project("{FAE04EC0-301F-11D3-BF4B-00C04F79EFBC}") = "API.Tests", "API.Tests\API.Tests.csproj", "{BC1C84D2-2D0E-4792-95A2-4BE0FD80DAFB}"
EndProject
Global
	GlobalSection(SolutionConfigurationPlatforms) = preSolution
		Debug|Any CPU = Debug|Any CPU
		Release|Any CPU = Release|Any CPU
	EndGlobalSection
	GlobalSection(ProjectConfigurationPlatforms) = postSolution
		{F6B541F3-4E59-4C55-8C22-904500160226}.Debug|Any CPU.ActiveCfg = Debug|Any CPU
		{F6B541F3-4E59-4C55-8C22-904500160226}.Debug|Any CPU.Build.0 = Debug|Any CPU
		{F6B541F3-4E59-4C55-8C22-904500160226}.Release|Any CPU.ActiveCfg = Release|Any CPU
		{F6B541F3-4E59-4C55-8C22-904500160226}.Release|Any CPU.Build.0 = Release|Any CPU
		{C8EB330A-3AF3-493E-98AF-84DEC2E98B9A}.Debug|Any CPU.ActiveCfg = Debug|Any CPU
		{C8EB330A-3AF3-493E-98AF-84DEC2E98B9A}.Debug|Any CPU.Build.0 = Debug|Any CPU
		{C8EB330A-3AF3-493E-98AF-84DEC2E98B9A}.Release|Any CPU.ActiveCfg = Release|Any CPU
		{C8EB330A-3AF3-493E-98AF-84DEC2E98B9A}.Release|Any CPU.Build.0 = Release|Any CPU
		{A2D81FBA-9691-4FB7-977F-1A6E33D46DD9}.Debug|Any CPU.ActiveCfg = Debug|Any CPU
		{A2D81FBA-9691-4FB7-977F-1A6E33D46DD9}.Debug|Any CPU.Build.0 = Debug|Any CPU
		{A2D81FBA-9691-4FB7-977F-1A6E33D46DD9}.Release|Any CPU.ActiveCfg = Release|Any CPU
		{A2D81FBA-9691-4FB7-977F-1A6E33D46DD9}.Release|Any CPU.Build.0 = Release|Any CPU
		{A5ACB57E-070C-4B53-BC9B-754E3BCBF38A}.Debug|Any CPU.ActiveCfg = Debug|Any CPU
		{A5ACB57E-070C-4B53-BC9B-754E3BCBF38A}.Debug|Any CPU.Build.0 = Debug|Any CPU
		{A5ACB57E-070C-4B53-BC9B-754E3BCBF38A}.Release|Any CPU.ActiveCfg = Release|Any CPU
		{A5ACB57E-070C-4B53-BC9B-754E3BCBF38A}.Release|Any CPU.Build.0 = Release|Any CPU
		{CA1117E1-1385-4847-AF9C-ECB67F99292D}.Debug|Any CPU.ActiveCfg = Debug|Any CPU
		{CA1117E1-1385-4847-AF9C-ECB67F99292D}.Debug|Any CPU.Build.0 = Debug|Any CPU
		{CA1117E1-1385-4847-AF9C-ECB67F99292D}.Release|Any CPU.ActiveCfg = Release|Any CPU
		{CA1117E1-1385-4847-AF9C-ECB67F99292D}.Release|Any CPU.Build.0 = Release|Any CPU
		{BC1C84D2-2D0E-4792-95A2-4BE0FD80DAFB}.Debug|Any CPU.ActiveCfg = Debug|Any CPU
		{BC1C84D2-2D0E-4792-95A2-4BE0FD80DAFB}.Debug|Any CPU.Build.0 = Debug|Any CPU
		{BC1C84D2-2D0E-4792-95A2-4BE0FD80DAFB}.Release|Any CPU.ActiveCfg = Release|Any CPU
		{BC1C84D2-2D0E-4792-95A2-4BE0FD80DAFB}.Release|Any CPU.Build.0 = Release|Any CPU
	EndGlobalSection
	GlobalSection(SolutionProperties) = preSolution
		HideSolutionNode = FALSE
	EndGlobalSection
	GlobalSection(NestedProjects) = preSolution
		{F6B541F3-4E59-4C55-8C22-904500160226} = {2737885C-2583-48B8-80BD-6AE38900D961}
		{C8EB330A-3AF3-493E-98AF-84DEC2E98B9A} = {3BBD346D-B10C-49F4-9337-2EEC552197E9}
		{A2D81FBA-9691-4FB7-977F-1A6E33D46DD9} = {63C475E6-C8F7-4397-BB45-3394FFDA4441}
		{A5ACB57E-070C-4B53-BC9B-754E3BCBF38A} = {4EC3EDDF-527C-43CF-AA6F-8A24ACA5C64E}
		{CA1117E1-1385-4847-AF9C-ECB67F99292D} = {EED3C19A-9B51-4992-90C6-18081844DAD5}
		{BC1C84D2-2D0E-4792-95A2-4BE0FD80DAFB} = {9C6B87E4-D6CD-4281-8611-51BFB4722A31}
	EndGlobalSection
	GlobalSection(ExtensibilityGlobals) = postSolution
		SolutionGuid = {F3E600CF-6821-4026-8D6B-CD9D9FCFF5D7}
	EndGlobalSection
EndGlobal
